
Microsoft Visual Studio Solution File, Format Version 12.00
# Visual Studio 2013
VisualStudioVersion = 12.0.31101.0
MinimumVisualStudioVersion = 10.0.40219.1
Project("{8BC9CEB8-8B4A-11D0-8D11-00A0C91BC942}") = "OnvifOperation", "OnvifOperation\OnvifOperation.vcxproj", "{F7543FD0-A6EF-43BA-8060-2AC19CF572AD}"
EndProject
Project("{8BC9CEB8-8B4A-11D0-8D11-00A0C91BC942}") = "test", "test\test.vcxproj", "{AE9E863C-7E82-4354-9F60-8D79845D0548}"
EndProject
Project("{8BC9CEB8-8B4A-11D0-8D11-00A0C91BC942}") = "getVideoInfo", "getVideoInfo\getVideoInfo.vcxproj", "{3334EC46-2AE1-469B-8518-3013B0A4A23E}"
EndProject
Project("{8BC9CEB8-8B4A-11D0-8D11-00A0C91BC942}") = "multiThreadTest", "multiThreadTest\multiThreadTest.vcxproj", "{161145CE-63A0-4CDF-B5E3-286E976AF3CE}"
EndProject
Project("{8BC9CEB8-8B4A-11D0-8D11-00A0C91BC942}") = "testMemoryLeak", "testMemoryLeak\testMemoryLeak.vcxproj", "{E3A84817-DAA6-49F5-9DE7-A6FA3DD48F9A}"
EndProject
Global
	GlobalSection(SolutionConfigurationPlatforms) = preSolution
		Debug|Win32 = Debug|Win32
		Release|Win32 = Release|Win32
	EndGlobalSection
	GlobalSection(ProjectConfigurationPlatforms) = postSolution
		{F7543FD0-A6EF-43BA-8060-2AC19CF572AD}.Debug|Win32.ActiveCfg = Debug|Win32
		{F7543FD0-A6EF-43BA-8060-2AC19CF572AD}.Debug|Win32.Build.0 = Debug|Win32
		{F7543FD0-A6EF-43BA-8060-2AC19CF572AD}.Release|Win32.ActiveCfg = Release|Win32
		{F7543FD0-A6EF-43BA-8060-2AC19CF572AD}.Release|Win32.Build.0 = Release|Win32
		{AE9E863C-7E82-4354-9F60-8D79845D0548}.Debug|Win32.ActiveCfg = Debug|Win32
		{AE9E863C-7E82-4354-9F60-8D79845D0548}.Debug|Win32.Build.0 = Debug|Win32
		{AE9E863C-7E82-4354-9F60-8D79845D0548}.Release|Win32.ActiveCfg = Release|Win32
		{AE9E863C-7E82-4354-9F60-8D79845D0548}.Release|Win32.Build.0 = Release|Win32
		{3334EC46-2AE1-469B-8518-3013B0A4A23E}.Debug|Win32.ActiveCfg = Debug|Win32
		{3334EC46-2AE1-469B-8518-3013B0A4A23E}.Debug|Win32.Build.0 = Debug|Win32
		{3334EC46-2AE1-469B-8518-3013B0A4A23E}.Release|Win32.ActiveCfg = Release|Win32
		{3334EC46-2AE1-469B-8518-3013B0A4A23E}.Release|Win32.Build.0 = Release|Win32
		{161145CE-63A0-4CDF-B5E3-286E976AF3CE}.Debug|Win32.ActiveCfg = Debug|Win32
		{161145CE-63A0-4CDF-B5E3-286E976AF3CE}.Debug|Win32.Build.0 = Debug|Win32
		{161145CE-63A0-4CDF-B5E3-286E976AF3CE}.Release|Win32.ActiveCfg = Release|Win32
		{161145CE-63A0-4CDF-B5E3-286E976AF3CE}.Release|Win32.Build.0 = Release|Win32
		{E3A84817-DAA6-49F5-9DE7-A6FA3DD48F9A}.Debug|Win32.ActiveCfg = Debug|Win32
		{E3A84817-DAA6-49F5-9DE7-A6FA3DD48F9A}.Debug|Win32.Build.0 = Debug|Win32
		{E3A84817-DAA6-49F5-9DE7-A6FA3DD48F9A}.Release|Win32.ActiveCfg = Release|Win32
		{E3A84817-DAA6-49F5-9DE7-A6FA3DD48F9A}.Release|Win32.Build.0 = Release|Win32
	EndGlobalSection
	GlobalSection(SolutionProperties) = preSolution
		HideSolutionNode = FALSE
	EndGlobalSection
EndGlobal
